{
  "nodes": {
    "dotfiles": {
      "flake": false,
      "locked": {
        "lastModified": 1737262328,
        "narHash": "sha256-viyLoceDIEgdJl8zrZd1md5ih4PBTHUu1sa4re4jZj4=",
        "owner": "twalaght",
        "repo": "dotfiles",
        "rev": "b23f9c7ff7dab683c92f9256af2525e651fc6e3e",
        "type": "github"
      },
      "original": {
        "owner": "twalaght",
        "repo": "dotfiles",
        "type": "github"
      }
    },
    "home-manager": {
      "inputs": {
        "nixpkgs": [
          "nixpkgs"
        ]
      },
      "locked": {
        "lastModified": 1781981105,
        "narHash": "sha256-/1nNBbA7PrSQpTc9Qazkhl4kIPg+TNl0CjxS3UQJKlw=",
        "owner": "nix-community",
        "repo": "home-manager",
        "rev": "7bfff44b465909f69a442701293bc0badcf476dc",
        "type": "github"
      },
      "original": {
        "owner": "nix-community",
        "ref": "release-26.05",
        "repo": "home-manager",
        "type": "github"
      }
    },
    "nix-vscode-extensions": {
      "inputs": {
        "nixpkgs": "nixpkgs"
      },
      "locked": {
        "lastModified": 1782017505,
        "narHash": "sha256-6A1wbeFbopCVchDX5rjAxEyNCGgQcKye4ylhjfZdCdY=",
        "owner": "nix-community",
        "repo": "nix-vscode-extensions",
        "rev": "714f957519be5fc35127e3eee99ffbb17ef6d98c",
        "type": "github"
      },
      "original": {
        "owner": "nix-community",
        "repo": "nix-vscode-extensions",
        "type": "github"
      }
    },
    "nixpkgs": {
      "locked": {
        "lastModified": 1777207419,
        "narHash": "sha256-V3bmPWAajDiC+1ClDOp55gianW2EyRJSJOyu1RUQibc=",
        "owner": "nixos",
        "repo": "nixpkgs",
        "rev": "a7ecea3deccfbdbf22945a89984fcc5a169da8aa",
        "type": "github"
      },
      "original": {
        "owner": "nixos",
        "repo": "nixpkgs",
        "rev": "a7ecea3deccfbdbf22945a89984fcc5a169da8aa",
        "type": "github"
      }
    },
    "nixpkgs-unstable": {
      "locked": {
        "lastModified": 1781577229,
        "narHash": "sha256-lrp67w8AulE9Ks53n27I45ADSzbOCn4H+CNW1Ck8B+8=",
        "owner": "nixos",
        "repo": "nixpkgs",
        "rev": "567a49d1913ce81ac6e9582e3553dd90a955875f",
        "type": "github"
      },
      "original": {
        "owner": "nixos",
        "ref": "nixos-unstable",
        "repo": "nixpkgs",
        "type": "github"
      }
    },
    "nixpkgs_2": {
      "locked": {
        "lastModified": 1781216227,
        "narHash": "sha256-9mUW6gNwoN2SWc/l0fW4svPNOulXLl8ijqKyeSOGgJE=",
        "owner": "nixos",
        "repo": "nixpkgs",
        "rev": "a0374025a863d007d98e3297f6aa46cc3141c2f0",
        "type": "github"
      },
      "original": {
        "owner": "nixos",
        "ref": "nixos-26.05",
        "repo": "nixpkgs",
        "type": "github"
      }
    },
    "root": {
      "inputs": {
        "dotfiles": "dotfiles",
        "home-manager": "home-manager",
        "nix-vscode-extensions": "nix-vscode-extensions",
        "nixpkgs": "nixpkgs_2",
        "nixpkgs-unstable": "nixpkgs-unstable"
      }
    }
  },
  "root": "root",
  "version": 7
}
